# This file was autogenerated by Stack.
# You should not edit this file by hand.
# For more information, please see the documentation at:
#   https://docs.haskellstack.org/en/stable/lock_files

packages:
- completed:
    name: amazonka
    pantry-tree:
      sha256: 01c7121bd5e4a3918a71ea6502412292c97facf20c9620f07af96e423d6437e2
      size: 1528
    sha256: 2347d1449fdbb0f6596415862eff26215a6d8b9bd83ef9db63a7f5148a42a310
    size: 34734021
    subdir: lib/amazonka
    url: https://github.com/brendanhay/amazonka/archive/e081929d5a81f30397c9c9a219b154da1a922fb8.tar.gz
    version: '2.0'
  original:
    subdir: lib/amazonka
    url: https://github.com/brendanhay/amazonka/archive/e081929d5a81f30397c9c9a219b154da1a922fb8.tar.gz
- completed:
    name: amazonka-core
    pantry-tree:
      sha256: 46e7e4de910b08ee2df98db9cda2becf388ce49510024018289a46c43e175ee0
      size: 3222
    sha256: 2347d1449fdbb0f6596415862eff26215a6d8b9bd83ef9db63a7f5148a42a310
    size: 34734021
    subdir: lib/amazonka-core
    url: https://github.com/brendanhay/amazonka/archive/e081929d5a81f30397c9c9a219b154da1a922fb8.tar.gz
    version: '2.0'
  original:
    subdir: lib/amazonka-core
    url: https://github.com/brendanhay/amazonka/archive/e081929d5a81f30397c9c9a219b154da1a922fb8.tar.gz
- completed:
    name: amazonka-sso
    pantry-tree:
      sha256: f87dd959a78bf54295bd6f8c7da58f7f8f860251d5548ecb05ab758e03cba50b
      size: 1817
    sha256: 2347d1449fdbb0f6596415862eff26215a6d8b9bd83ef9db63a7f5148a42a310
    size: 34734021
    subdir: lib/services/amazonka-sso
    url: https://github.com/brendanhay/amazonka/archive/e081929d5a81f30397c9c9a219b154da1a922fb8.tar.gz
    version: '2.0'
  original:
    subdir: lib/services/amazonka-sso
    url: https://github.com/brendanhay/amazonka/archive/e081929d5a81f30397c9c9a219b154da1a922fb8.tar.gz
- completed:
    name: amazonka-sts
    pantry-tree:
      sha256: bde4691af7cac74e0a3705271b4d3ac05515863bfb6f668112e3f3950a27cb41
      size: 2880
    sha256: 2347d1449fdbb0f6596415862eff26215a6d8b9bd83ef9db63a7f5148a42a310
    size: 34734021
    subdir: lib/services/amazonka-sts
    url: https://github.com/brendanhay/amazonka/archive/e081929d5a81f30397c9c9a219b154da1a922fb8.tar.gz
    version: '2.0'
  original:
    subdir: lib/services/amazonka-sts
    url: https://github.com/brendanhay/amazonka/archive/e081929d5a81f30397c9c9a219b154da1a922fb8.tar.gz
- completed:
    name: amazonka-s3
    pantry-tree:
      sha256: 49f801400582ef0ca290312243b55e6e3c540c0c94c1a3110735bc400386fefb
      size: 38690
    sha256: 2347d1449fdbb0f6596415862eff26215a6d8b9bd83ef9db63a7f5148a42a310
    size: 34734021
    subdir: lib/services/amazonka-s3
    url: https://github.com/brendanhay/amazonka/archive/e081929d5a81f30397c9c9a219b154da1a922fb8.tar.gz
    version: '2.0'
  original:
    subdir: lib/services/amazonka-s3
    url: https://github.com/brendanhay/amazonka/archive/e081929d5a81f30397c9c9a219b154da1a922fb8.tar.gz
- completed:
    name: amazonka-ses
    pantry-tree:
      sha256: c3fa3cf8a4c008d34526a859d50fca579e301edf1db1fefd70fd9c937d6f4f00
      size: 22928
    sha256: 2347d1449fdbb0f6596415862eff26215a6d8b9bd83ef9db63a7f5148a42a310
    size: 34734021
    subdir: lib/services/amazonka-ses
    url: https://github.com/brendanhay/amazonka/archive/e081929d5a81f30397c9c9a219b154da1a922fb8.tar.gz
    version: '2.0'
  original:
    subdir: lib/services/amazonka-ses
    url: https://github.com/brendanhay/amazonka/archive/e081929d5a81f30397c9c9a219b154da1a922fb8.tar.gz
snapshots:
- completed:
    sha256: 7b975b104cb3dbf0c297dfd01f936a4d2ee523241dd0b1ae960522b833fe3027
    size: 714096
    url: https://raw.githubusercontent.com/commercialhaskell/stackage-snapshots/master/lts/22/7.yaml
  original: lts-22.7
